
Microsoft Visual Studio Solution File, Format Version 12.00
# Visual Studio Version 17
VisualStudioVersion = 17.0.32112.339
MinimumVisualStudioVersion = 10.0.40219.1
Project("{FAE04EC0-301F-11D3-BF4B-00C04F79EFBC}") = "GeneratePassword_v3", "GeneratePassword_v3.csproj", "{CE325404-EDB0-4418-99BD-3F7F7CA84D8D}"
EndProject
Global
	GlobalSection(SolutionConfigurationPlatforms) = preSolution
		Debug|Any CPU = Debug|Any CPU
		Release|Any CPU = Release|Any CPU
	EndGlobalSection
	GlobalSection(ProjectConfigurationPlatforms) = postSolution
		{CE325404-EDB0-4418-99BD-3F7F7CA84D8D}.Debug|Any CPU.ActiveCfg = Debug|Any CPU
		{CE325404-EDB0-4418-99BD-3F7F7CA84D8D}.Debug|Any CPU.Build.0 = Debug|Any CPU
		{CE325404-EDB0-4418-99BD-3F7F7CA84D8D}.Release|Any CPU.ActiveCfg = Release|Any CPU
		{CE325404-EDB0-4418-99BD-3F7F7CA84D8D}.Release|Any CPU.Build.0 = Release|Any CPU
	EndGlobalSection
	GlobalSection(SolutionProperties) = preSolution
		HideSolutionNode = FALSE
	EndGlobalSection
	GlobalSection(ExtensibilityGlobals) = postSolution
		SolutionGuid = {5ED9ED19-C26B-4827-B701-694A1801FD5D}
	EndGlobalSection
EndGlobal
